<?xml version="1.0" encoding="utf-8"?>
<Project ToolsVersion="4.0" xmlns="http://schemas.microsoft.com/developer/msbuild/2003">
  <ItemGroup>
    <ClCompile Include="main.cpp" />
    <ClCompile Include="Core.cpp">
      <Filter>Core</Filter>
    </ClCompile>
    <ClCompile Include="AssetManager.cpp">
      <Filter>Core</Filter>
    </ClCompile>
    <ClCompile Include="GUI.cpp">
      <Filter>GUI</Filter>
    </ClCompile>
    <ClCompile Include="FontAsset.cpp">
      <Filter>Assets</Filter>
    </ClCompile>
    <ClCompile Include="Input.cpp">
      <Filter>Core</Filter>
    </ClCompile>
    <ClCompile Include="Log.cpp">
      <Filter>Core</Filter>
    </ClCompile>
    <ClCompile Include="MusicAsset.cpp">
      <Filter>Assets</Filter>
    </ClCompile>
    <ClCompile Include="ShaderAsset.cpp">
      <Filter>Assets</Filter>
    </ClCompile>
    <ClCompile Include="SoundManager.cpp">
      <Filter>Core</Filter>
    </ClCompile>
    <ClCompile Include="TextureAsset.cpp">
      <Filter>Assets</Filter>
    </ClCompile>
    <ClCompile Include="Math.cpp">
      <Filter>Core</Filter>
    </ClCompile>
    <ClCompile Include="HorizontalLayout.cpp">
      <Filter>GUI\Layouts</Filter>
    </ClCompile>
    <ClCompile Include="VerticalLayout.cpp">
      <Filter>GUI\Layouts</Filter>
    </ClCompile>
    <ClCompile Include="Layout.cpp">
      <Filter>GUI\Layouts</Filter>
    </ClCompile>
    <ClCompile Include="Widget.cpp">
      <Filter>GUI\Widgets</Filter>
    </ClCompile>
    <ClCompile Include="Label.cpp">
      <Filter>GUI\Widgets</Filter>
    </ClCompile>
    <ClCompile Include="CommandPacket.cpp">
      <Filter>Network</Filter>
    </ClCompile>
    <ClCompile Include="MainMenu.cpp">
      <Filter>Game</Filter>
    </ClCompile>
    <ClCompile Include="TextBox.cpp">
      <Filter>GUI\Widgets</Filter>
    </ClCompile>
    <ClCompile Include="Cursor.cpp">
      <Filter>Core</Filter>
    </ClCompile>
    <ClCompile Include="Client.cpp">
      <Filter>Network</Filter>
    </ClCompile>
    <ClCompile Include="SHA256.cpp">
      <Filter>Core</Filter>
    </ClCompile>
    <ClCompile Include="RoomsList.cpp">
      <Filter>Game</Filter>
    </ClCompile>
    <ClCompile Include="ConfigManager.cpp">
      <Filter>Core</Filter>
    </ClCompile>
  </ItemGroup>
  <ItemGroup>
    <ClInclude Include="Core.h">
      <Filter>Core</Filter>
    </ClInclude>
    <ClInclude Include="AssetManager.h">
      <Filter>Core</Filter>
    </ClInclude>
    <ClInclude Include="GUI.h">
      <Filter>GUI</Filter>
    </ClInclude>
    <ClInclude Include="FontAsset.h">
      <Filter>Assets</Filter>
    </ClInclude>
    <ClInclude Include="Input.h">
      <Filter>Core</Filter>
    </ClInclude>
    <ClInclude Include="Log.h">
      <Filter>Core</Filter>
    </ClInclude>
    <ClInclude Include="MusicAsset.h">
      <Filter>Assets</Filter>
    </ClInclude>
    <ClInclude Include="ShaderAsset.h">
      <Filter>Assets</Filter>
    </ClInclude>
    <ClInclude Include="SoundManager.h">
      <Filter>Core</Filter>
    </ClInclude>
    <ClInclude Include="TextureAsset.h">
      <Filter>Assets</Filter>
    </ClInclude>
    <ClInclude Include="Asset.h">
      <Filter>Core</Filter>
    </ClInclude>
    <ClInclude Include="Math.h">
      <Filter>Core</Filter>
    </ClInclude>
    <ClInclude Include="State.h">
      <Filter>Core</Filter>
    </ClInclude>
    <ClInclude Include="HorizontalLayout.h">
      <Filter>GUI\Layouts</Filter>
    </ClInclude>
    <ClInclude Include="VerticalLayout.h">
      <Filter>GUI\Layouts</Filter>
    </ClInclude>
    <ClInclude Include="Layout.h">
      <Filter>GUI\Layouts</Filter>
    </ClInclude>
    <ClInclude Include="Widget.h">
      <Filter>GUI\Widgets</Filter>
    </ClInclude>
    <ClInclude Include="Label.h">
      <Filter>GUI\Widgets</Filter>
    </ClInclude>
    <ClInclude Include="MainMenu.h">
      <Filter>Game</Filter>
    </ClInclude>
    <ClInclude Include="CommandPacket.h">
      <Filter>Network</Filter>
    </ClInclude>
    <ClInclude Include="TextBox.h">
      <Filter>GUI\Widgets</Filter>
    </ClInclude>
    <ClInclude Include="Cursor.h">
      <Filter>Core</Filter>
    </ClInclude>
    <ClInclude Include="Client.h">
      <Filter>Network</Filter>
    </ClInclude>
    <ClInclude Include="SHA256.h">
      <Filter>Core</Filter>
    </ClInclude>
    <ClInclude Include="RoomsList.h">
      <Filter>Game</Filter>
    </ClInclude>
    <ClInclude Include="ConfigManager.h">
      <Filter>Core</Filter>
    </ClInclude>
  </ItemGroup>
  <ItemGroup>
    <Filter Include="GUI">
      <UniqueIdentifier>{fdb72f04-bc95-4d0f-af10-b20f8855a01d}</UniqueIdentifier>
    </Filter>
    <Filter Include="Core">
      <UniqueIdentifier>{939429e1-2e64-4779-9c78-ef211caa668c}</UniqueIdentifier>
    </Filter>
    <Filter Include="Game">
      <UniqueIdentifier>{50fecba4-af1b-4bf4-b8b5-ebf2a99471c3}</UniqueIdentifier>
    </Filter>
    <Filter Include="Assets">
      <UniqueIdentifier>{9efc38e8-f4b0-447d-972a-c7f2c08f31dd}</UniqueIdentifier>
    </Filter>
    <Filter Include="GUI\Layouts">
      <UniqueIdentifier>{a42ac5b5-d03c-496b-91ce-7232837a45c0}</UniqueIdentifier>
    </Filter>
    <Filter Include="GUI\Widgets">
      <UniqueIdentifier>{000fb416-1ec8-4aae-9eac-2954b5fca95b}</UniqueIdentifier>
    </Filter>
    <Filter Include="Network">
      <UniqueIdentifier>{f54a50c0-82ad-4198-b308-76c449a795a5}</UniqueIdentifier>
    </Filter>
  </ItemGroup>
</Project>