<?xml version="1.0" encoding="utf-8"?>
<Project ToolsVersion="4.0" xmlns="http://schemas.microsoft.com/developer/msbuild/2003">
  <ItemGroup>
    <ClCompile Include="CommandPacket.cpp">
      <Filter>server\packets</Filter>
    </ClCompile>
    <ClCompile Include="Truelog.cpp">
      <Filter>server\truelog</Filter>
    </ClCompile>
    <ClCompile Include="main.cpp" />
    <ClCompile Include="Server.cpp">
      <Filter>server</Filter>
    </ClCompile>
    <ClCompile Include="User.cpp">
      <Filter>server\user</Filter>
    </ClCompile>
    <ClCompile Include="Room.cpp">
      <Filter>server\room</Filter>
    </ClCompile>
    <ClCompile Include="SHA256.cpp">
      <Filter>SHA256</Filter>
    </ClCompile>
    <ClCompile Include="RoomManager.cpp">
      <Filter>server\room\RoomManager</Filter>
    </ClCompile>
    <ClCompile Include="PacketHandler.cpp">
      <Filter>server\packets\PacketHandler</Filter>
    </ClCompile>
    <ClCompile Include="ChessBoard.cpp">
      <Filter>server\room\ChessBoard</Filter>
    </ClCompile>
    <ClCompile Include="Figure.cpp">
      <Filter>server\room\ChessBoard\Figure</Filter>
    </ClCompile>
    <ClCompile Include="Stuff.cpp">
      <Filter>stuff</Filter>
    </ClCompile>
  </ItemGroup>
  <ItemGroup>
    <ClInclude Include="CommandPacket.h">
      <Filter>server\packets</Filter>
    </ClInclude>
    <ClInclude Include="Truelog.h">
      <Filter>server\truelog</Filter>
    </ClInclude>
    <ClInclude Include="Server.h">
      <Filter>server</Filter>
    </ClInclude>
    <ClInclude Include="User.h">
      <Filter>server\user</Filter>
    </ClInclude>
    <ClInclude Include="Room.h">
      <Filter>server\room</Filter>
    </ClInclude>
    <ClInclude Include="SHA256.h">
      <Filter>SHA256</Filter>
    </ClInclude>
    <ClInclude Include="RoomManager.h">
      <Filter>server\room\RoomManager</Filter>
    </ClInclude>
    <ClInclude Include="PacketHandler.h">
      <Filter>server\packets\PacketHandler</Filter>
    </ClInclude>
    <ClInclude Include="ChessBoard.h">
      <Filter>server\room\ChessBoard</Filter>
    </ClInclude>
    <ClInclude Include="Figure.h">
      <Filter>server\room\ChessBoard\Figure</Filter>
    </ClInclude>
    <ClInclude Include="Stuff.h">
      <Filter>stuff</Filter>
    </ClInclude>
  </ItemGroup>
  <ItemGroup>
    <Filter Include="server">
      <UniqueIdentifier>{eb0873b1-6ca3-436a-b08c-adb34eed6a98}</UniqueIdentifier>
    </Filter>
    <Filter Include="server\truelog">
      <UniqueIdentifier>{91473e97-f753-4fa7-bdb3-a0626d14a4c0}</UniqueIdentifier>
    </Filter>
    <Filter Include="server\packets">
      <UniqueIdentifier>{d5227c96-c30c-4431-857e-44fffc30b6ed}</UniqueIdentifier>
    </Filter>
    <Filter Include="server\user">
      <UniqueIdentifier>{edc94866-0383-429c-a6bd-dae2a6daf63a}</UniqueIdentifier>
    </Filter>
    <Filter Include="server\room">
      <UniqueIdentifier>{decc7f97-ba02-4f4c-917a-66707965ad29}</UniqueIdentifier>
    </Filter>
    <Filter Include="SHA256">
      <UniqueIdentifier>{957f227b-f0f3-4a48-a1e4-f1871d5d2dba}</UniqueIdentifier>
    </Filter>
    <Filter Include="server\room\RoomManager">
      <UniqueIdentifier>{81bd6daa-eb90-4256-96ca-7d27ca4b93ba}</UniqueIdentifier>
    </Filter>
    <Filter Include="server\packets\PacketHandler">
      <UniqueIdentifier>{84a6ff21-ea2e-48d2-978a-1c9994fcf505}</UniqueIdentifier>
    </Filter>
    <Filter Include="server\room\ChessBoard">
      <UniqueIdentifier>{6a30bd99-b5d6-4e69-bb81-f25e8f8c91dd}</UniqueIdentifier>
    </Filter>
    <Filter Include="server\room\ChessBoard\Figure">
      <UniqueIdentifier>{af22f884-ec37-44c3-b3dc-926f99675669}</UniqueIdentifier>
    </Filter>
    <Filter Include="stuff">
      <UniqueIdentifier>{91415c58-3a9f-4489-982d-4afe3cd1927e}</UniqueIdentifier>
    </Filter>
  </ItemGroup>
</Project>